
Microsoft Visual Studio Solution File, Format Version 12.00
# Visual Studio Version 17
VisualStudioVersion = 17.10.35122.118
MinimumVisualStudioVersion = 10.0.40219.1
Project("{FAE04EC0-301F-11D3-BF4B-00C04F79EFBC}") = "Encapsulamiento", "Encapsulamiento\Encapsulamiento.csproj", "{CCC46D50-288A-4C64-AAD9-D2A78BDCA5FC}"
EndProject
Global
	GlobalSection(SolutionConfigurationPlatforms) = preSolution
		Debug|Any CPU = Debug|Any CPU
		Release|Any CPU = Release|Any CPU
	EndGlobalSection
	GlobalSection(ProjectConfigurationPlatforms) = postSolution
		{CCC46D50-288A-4C64-AAD9-D2A78BDCA5FC}.Debug|Any CPU.ActiveCfg = Debug|Any CPU
		{CCC46D50-288A-4C64-AAD9-D2A78BDCA5FC}.Debug|Any CPU.Build.0 = Debug|Any CPU
		{CCC46D50-288A-4C64-AAD9-D2A78BDCA5FC}.Release|Any CPU.ActiveCfg = Release|Any CPU
		{CCC46D50-288A-4C64-AAD9-D2A78BDCA5FC}.Release|Any CPU.Build.0 = Release|Any CPU
	EndGlobalSection
	GlobalSection(SolutionProperties) = preSolution
		HideSolutionNode = FALSE
	EndGlobalSection
	GlobalSection(ExtensibilityGlobals) = postSolution
		SolutionGuid = {ED325942-16D4-4B07-94C3-F527E225D84F}
	EndGlobalSection
EndGlobal
